
Microsoft Visual Studio Solution File, Format Version 12.00
# Visual Studio Version 17
VisualStudioVersion = 17.5.33103.201
MinimumVisualStudioVersion = 10.0.40219.1
Project("{9A19103F-16F7-4668-BE54-9A1E7A4F7556}") = "GrainInterfaces", "GrainInterfaces\GrainInterfaces.csproj", "{0167BF8D-9789-4E73-8596-88C5F127C53F}"
EndProject
Project("{9A19103F-16F7-4668-BE54-9A1E7A4F7556}") = "FrontEnd", "FrontEnd\FrontEnd.csproj", "{D1F4EE67-BB20-492B-A7FE-EA70DBFCD526}"
EndProject
Project("{E53339B2-1760-4266-BCC7-CA923CBCF16C}") = "docker-compose", "docker-compose.dcproj", "{A4344BB4-B5EE-493F-8BF1-9BDBD1DBB95E}"
EndProject
Project("{9A19103F-16F7-4668-BE54-9A1E7A4F7556}") = "Tests", "Tests\Tests.csproj", "{39AA7858-2ECD-48C0-BB55-1FD9C6FB0EDA}"
EndProject
Global
	GlobalSection(SolutionConfigurationPlatforms) = preSolution
		Debug|Any CPU = Debug|Any CPU
		Release|Any CPU = Release|Any CPU
	EndGlobalSection
	GlobalSection(ProjectConfigurationPlatforms) = postSolution
		{0167BF8D-9789-4E73-8596-88C5F127C53F}.Debug|Any CPU.ActiveCfg = Debug|Any CPU
		{0167BF8D-9789-4E73-8596-88C5F127C53F}.Debug|Any CPU.Build.0 = Debug|Any CPU
		{0167BF8D-9789-4E73-8596-88C5F127C53F}.Release|Any CPU.ActiveCfg = Release|Any CPU
		{0167BF8D-9789-4E73-8596-88C5F127C53F}.Release|Any CPU.Build.0 = Release|Any CPU
		{D1F4EE67-BB20-492B-A7FE-EA70DBFCD526}.Debug|Any CPU.ActiveCfg = Debug|Any CPU
		{D1F4EE67-BB20-492B-A7FE-EA70DBFCD526}.Debug|Any CPU.Build.0 = Debug|Any CPU
		{D1F4EE67-BB20-492B-A7FE-EA70DBFCD526}.Release|Any CPU.ActiveCfg = Release|Any CPU
		{D1F4EE67-BB20-492B-A7FE-EA70DBFCD526}.Release|Any CPU.Build.0 = Release|Any CPU
		{A4344BB4-B5EE-493F-8BF1-9BDBD1DBB95E}.Debug|Any CPU.ActiveCfg = Debug|Any CPU
		{A4344BB4-B5EE-493F-8BF1-9BDBD1DBB95E}.Debug|Any CPU.Build.0 = Debug|Any CPU
		{A4344BB4-B5EE-493F-8BF1-9BDBD1DBB95E}.Release|Any CPU.ActiveCfg = Release|Any CPU
		{A4344BB4-B5EE-493F-8BF1-9BDBD1DBB95E}.Release|Any CPU.Build.0 = Release|Any CPU
		{39AA7858-2ECD-48C0-BB55-1FD9C6FB0EDA}.Debug|Any CPU.ActiveCfg = Debug|Any CPU
		{39AA7858-2ECD-48C0-BB55-1FD9C6FB0EDA}.Debug|Any CPU.Build.0 = Debug|Any CPU
		{39AA7858-2ECD-48C0-BB55-1FD9C6FB0EDA}.Release|Any CPU.ActiveCfg = Release|Any CPU
		{39AA7858-2ECD-48C0-BB55-1FD9C6FB0EDA}.Release|Any CPU.Build.0 = Release|Any CPU
	EndGlobalSection
	GlobalSection(SolutionProperties) = preSolution
		HideSolutionNode = FALSE
	EndGlobalSection
	GlobalSection(ExtensibilityGlobals) = postSolution
		SolutionGuid = {D6CD5E05-5DD0-4580-8288-06ABB87E7765}
	EndGlobalSection
EndGlobal
